
Microsoft Visual Studio Solution File, Format Version 12.00
# Visual Studio Version 16
VisualStudioVersion = 16.0.32510.428
MinimumVisualStudioVersion = 10.0.40219.1
Project("{FAE04EC0-301F-11D3-BF4B-00C04F79EFBC}") = "InteliNotes", "InteliNotes\InteliNotes.csproj", "{2FDAF9FA-4839-497F-B0C2-2CAD30CC9455}"
EndProject
Global
	GlobalSection(SolutionConfigurationPlatforms) = preSolution
		Debug|Any CPU = Debug|Any CPU
		Release|Any CPU = Release|Any CPU
	EndGlobalSection
	GlobalSection(ProjectConfigurationPlatforms) = postSolution
		{2FDAF9FA-4839-497F-B0C2-2CAD30CC9455}.Debug|Any CPU.ActiveCfg = Debug|Any CPU
		{2FDAF9FA-4839-497F-B0C2-2CAD30CC9455}.Debug|Any CPU.Build.0 = Debug|Any CPU
		{2FDAF9FA-4839-497F-B0C2-2CAD30CC9455}.Release|Any CPU.ActiveCfg = Release|Any CPU
		{2FDAF9FA-4839-497F-B0C2-2CAD30CC9455}.Release|Any CPU.Build.0 = Release|Any CPU
	EndGlobalSection
	GlobalSection(SolutionProperties) = preSolution
		HideSolutionNode = FALSE
	EndGlobalSection
	GlobalSection(ExtensibilityGlobals) = postSolution
		SolutionGuid = {1473F7E1-AE96-4909-9B5C-35030D5749E1}
	EndGlobalSection
EndGlobal
